
Microsoft Visual Studio Solution File, Format Version 12.00
# Visual Studio Version 17
VisualStudioVersion = 17.11.35312.102
MinimumVisualStudioVersion = 10.0.40219.1
Project("{FAE04EC0-301F-11D3-BF4B-00C04F79EFBC}") = "mvc-gestao-de-dividendos", "mvc-gestao-de-dividendos.csproj", "{A6417742-B80F-4E89-8AF0-D77FB13AEE1C}"
EndProject
Global
	GlobalSection(SolutionConfigurationPlatforms) = preSolution
		Debug|Any CPU = Debug|Any CPU
		Release|Any CPU = Release|Any CPU
	EndGlobalSection
	GlobalSection(ProjectConfigurationPlatforms) = postSolution
		{A6417742-B80F-4E89-8AF0-D77FB13AEE1C}.Debug|Any CPU.ActiveCfg = Debug|Any CPU
		{A6417742-B80F-4E89-8AF0-D77FB13AEE1C}.Debug|Any CPU.Build.0 = Debug|Any CPU
		{A6417742-B80F-4E89-8AF0-D77FB13AEE1C}.Release|Any CPU.ActiveCfg = Release|Any CPU
		{A6417742-B80F-4E89-8AF0-D77FB13AEE1C}.Release|Any CPU.Build.0 = Release|Any CPU
	EndGlobalSection
	GlobalSection(SolutionProperties) = preSolution
		HideSolutionNode = FALSE
	EndGlobalSection
	GlobalSection(ExtensibilityGlobals) = postSolution
		SolutionGuid = {52BE1538-96EC-4352-847B-83DD3B514EED}
	EndGlobalSection
EndGlobal
